
Microsoft Visual Studio Solution File, Format Version 12.00
# Visual Studio Version 17
VisualStudioVersion = 17.5.33530.505
MinimumVisualStudioVersion = 10.0.40219.1
Project("{FAE04EC0-301F-11D3-BF4B-00C04F79EFBC}") = "minMaxAvg", "minMaxAvg\minMaxAvg.csproj", "{32D062CF-6B42-42FF-8487-9BC8675EF62C}"
EndProject
Global
	GlobalSection(SolutionConfigurationPlatforms) = preSolution
		Debug|Any CPU = Debug|Any CPU
		Release|Any CPU = Release|Any CPU
	EndGlobalSection
	GlobalSection(ProjectConfigurationPlatforms) = postSolution
		{32D062CF-6B42-42FF-8487-9BC8675EF62C}.Debug|Any CPU.ActiveCfg = Debug|Any CPU
		{32D062CF-6B42-42FF-8487-9BC8675EF62C}.Debug|Any CPU.Build.0 = Debug|Any CPU
		{32D062CF-6B42-42FF-8487-9BC8675EF62C}.Release|Any CPU.ActiveCfg = Release|Any CPU
		{32D062CF-6B42-42FF-8487-9BC8675EF62C}.Release|Any CPU.Build.0 = Release|Any CPU
	EndGlobalSection
	GlobalSection(SolutionProperties) = preSolution
		HideSolutionNode = FALSE
	EndGlobalSection
	GlobalSection(ExtensibilityGlobals) = postSolution
		SolutionGuid = {0EBD269E-4C8E-4344-B348-6A67745411C3}
	EndGlobalSection
EndGlobal
